
Microsoft Visual Studio Solution File, Format Version 12.00
# Visual Studio 15
VisualStudioVersion = 15.0.27004.2005
MinimumVisualStudioVersion = 10.0.40219.1
Project("{FAE04EC0-301F-11D3-BF4B-00C04F79EFBC}") = "CreateClass", "CreateClass\CreateClass.csproj", "{A9563A1D-B0A8-4D26-974E-B264622907A7}"
EndProject
Project("{FAE04EC0-301F-11D3-BF4B-00C04F79EFBC}") = "TimerEvents", "TimerEvents\TimerEvents.csproj", "{8E772EDD-BB75-4A4C-BE7C-356D21E3DA98}"
EndProject
Project("{FAE04EC0-301F-11D3-BF4B-00C04F79EFBC}") = "SortString", "SortString\SortString.csproj", "{B406EFDD-9DE3-42D3-B198-3A098429B644}"
EndProject
Global
	GlobalSection(SolutionConfigurationPlatforms) = preSolution
		Debug|Any CPU = Debug|Any CPU
		Release|Any CPU = Release|Any CPU
	EndGlobalSection
	GlobalSection(ProjectConfigurationPlatforms) = postSolution
		{A9563A1D-B0A8-4D26-974E-B264622907A7}.Debug|Any CPU.ActiveCfg = Debug|Any CPU
		{A9563A1D-B0A8-4D26-974E-B264622907A7}.Debug|Any CPU.Build.0 = Debug|Any CPU
		{A9563A1D-B0A8-4D26-974E-B264622907A7}.Release|Any CPU.ActiveCfg = Release|Any CPU
		{A9563A1D-B0A8-4D26-974E-B264622907A7}.Release|Any CPU.Build.0 = Release|Any CPU
		{8E772EDD-BB75-4A4C-BE7C-356D21E3DA98}.Debug|Any CPU.ActiveCfg = Debug|Any CPU
		{8E772EDD-BB75-4A4C-BE7C-356D21E3DA98}.Debug|Any CPU.Build.0 = Debug|Any CPU
		{8E772EDD-BB75-4A4C-BE7C-356D21E3DA98}.Release|Any CPU.ActiveCfg = Release|Any CPU
		{8E772EDD-BB75-4A4C-BE7C-356D21E3DA98}.Release|Any CPU.Build.0 = Release|Any CPU
		{B406EFDD-9DE3-42D3-B198-3A098429B644}.Debug|Any CPU.ActiveCfg = Debug|Any CPU
		{B406EFDD-9DE3-42D3-B198-3A098429B644}.Debug|Any CPU.Build.0 = Debug|Any CPU
		{B406EFDD-9DE3-42D3-B198-3A098429B644}.Release|Any CPU.ActiveCfg = Release|Any CPU
		{B406EFDD-9DE3-42D3-B198-3A098429B644}.Release|Any CPU.Build.0 = Release|Any CPU
	EndGlobalSection
	GlobalSection(SolutionProperties) = preSolution
		HideSolutionNode = FALSE
	EndGlobalSection
	GlobalSection(ExtensibilityGlobals) = postSolution
		SolutionGuid = {0F879BE6-EBB4-4996-865D-97D97F9E4EC8}
	EndGlobalSection
EndGlobal
